
Microsoft Visual Studio Solution File, Format Version 12.00
# Visual Studio Version 16
VisualStudioVersion = 16.0.30907.101
MinimumVisualStudioVersion = 10.0.40219.1
Project("{FAE04EC0-301F-11D3-BF4B-00C04F79EFBC}") = "QuickstartConsole", "QuickstartConsole.csproj", "{3579BF1C-05B1-4752-B78E-0FF0967AE8E8}"
EndProject
Global
	GlobalSection(SolutionConfigurationPlatforms) = preSolution
		Debug|Any CPU = Debug|Any CPU
		Release|Any CPU = Release|Any CPU
	EndGlobalSection
	GlobalSection(ProjectConfigurationPlatforms) = postSolution
		{3579BF1C-05B1-4752-B78E-0FF0967AE8E8}.Debug|Any CPU.ActiveCfg = Debug|Any CPU
		{3579BF1C-05B1-4752-B78E-0FF0967AE8E8}.Debug|Any CPU.Build.0 = Debug|Any CPU
		{3579BF1C-05B1-4752-B78E-0FF0967AE8E8}.Release|Any CPU.ActiveCfg = Release|Any CPU
		{3579BF1C-05B1-4752-B78E-0FF0967AE8E8}.Release|Any CPU.Build.0 = Release|Any CPU
	EndGlobalSection
	GlobalSection(SolutionProperties) = preSolution
		HideSolutionNode = FALSE
	EndGlobalSection
	GlobalSection(ExtensibilityGlobals) = postSolution
		SolutionGuid = {BF8C9DA1-60AD-4588-8C70-E3CA4F9A8262}
	EndGlobalSection
EndGlobal
